
Microsoft Visual Studio Solution File, Format Version 12.00
# Visual Studio 15
VisualStudioVersion = 15.0.27428.2005
MinimumVisualStudioVersion = 10.0.40219.1
Project("{8BC9CEB8-8B4A-11D0-8D11-00A0C91BC942}") = "pmmtest", "pmmtest\pmmtest.vcxproj", "{C3B4821C-108E-4132-B9C2-63E2B09206FB}"
EndProject
Project("{FAE04EC0-301F-11D3-BF4B-00C04F79EFBC}") = "dumpconverter", "dumpconverter\dumpconverter.csproj", "{A7339D4B-2625-4427-9574-700D78BE527F}"
EndProject
Global
	GlobalSection(SolutionConfigurationPlatforms) = preSolution
		Debug|Any CPU = Debug|Any CPU
		Debug|x64 = Debug|x64
		Debug|x86 = Debug|x86
		Release|Any CPU = Release|Any CPU
		Release|x64 = Release|x64
		Release|x86 = Release|x86
	EndGlobalSection
	GlobalSection(ProjectConfigurationPlatforms) = postSolution
		{C3B4821C-108E-4132-B9C2-63E2B09206FB}.Debug|Any CPU.ActiveCfg = Debug|Win32
		{C3B4821C-108E-4132-B9C2-63E2B09206FB}.Debug|x64.ActiveCfg = Debug|x64
		{C3B4821C-108E-4132-B9C2-63E2B09206FB}.Debug|x64.Build.0 = Debug|x64
		{C3B4821C-108E-4132-B9C2-63E2B09206FB}.Debug|x86.ActiveCfg = Debug|Win32
		{C3B4821C-108E-4132-B9C2-63E2B09206FB}.Debug|x86.Build.0 = Debug|Win32
		{C3B4821C-108E-4132-B9C2-63E2B09206FB}.Release|Any CPU.ActiveCfg = Release|Win32
		{C3B4821C-108E-4132-B9C2-63E2B09206FB}.Release|x64.ActiveCfg = Release|x64
		{C3B4821C-108E-4132-B9C2-63E2B09206FB}.Release|x64.Build.0 = Release|x64
		{C3B4821C-108E-4132-B9C2-63E2B09206FB}.Release|x86.ActiveCfg = Release|Win32
		{C3B4821C-108E-4132-B9C2-63E2B09206FB}.Release|x86.Build.0 = Release|Win32
		{A7339D4B-2625-4427-9574-700D78BE527F}.Debug|Any CPU.ActiveCfg = Debug|Any CPU
		{A7339D4B-2625-4427-9574-700D78BE527F}.Debug|Any CPU.Build.0 = Debug|Any CPU
		{A7339D4B-2625-4427-9574-700D78BE527F}.Debug|x64.ActiveCfg = Debug|Any CPU
		{A7339D4B-2625-4427-9574-700D78BE527F}.Debug|x64.Build.0 = Debug|Any CPU
		{A7339D4B-2625-4427-9574-700D78BE527F}.Debug|x86.ActiveCfg = Debug|Any CPU
		{A7339D4B-2625-4427-9574-700D78BE527F}.Debug|x86.Build.0 = Debug|Any CPU
		{A7339D4B-2625-4427-9574-700D78BE527F}.Release|Any CPU.ActiveCfg = Release|Any CPU
		{A7339D4B-2625-4427-9574-700D78BE527F}.Release|Any CPU.Build.0 = Release|Any CPU
		{A7339D4B-2625-4427-9574-700D78BE527F}.Release|x64.ActiveCfg = Release|Any CPU
		{A7339D4B-2625-4427-9574-700D78BE527F}.Release|x64.Build.0 = Release|Any CPU
		{A7339D4B-2625-4427-9574-700D78BE527F}.Release|x86.ActiveCfg = Release|Any CPU
		{A7339D4B-2625-4427-9574-700D78BE527F}.Release|x86.Build.0 = Release|Any CPU
	EndGlobalSection
	GlobalSection(SolutionProperties) = preSolution
		HideSolutionNode = FALSE
	EndGlobalSection
	GlobalSection(ExtensibilityGlobals) = postSolution
		SolutionGuid = {1C241370-871F-4557-AC7A-279C6916B807}
	EndGlobalSection
EndGlobal
